
Microsoft Visual Studio Solution File, Format Version 12.00
# Visual Studio Version 16
VisualStudioVersion = 16.0.29306.81
MinimumVisualStudioVersion = 10.0.40219.1
Project("{FAE04EC0-301F-11D3-BF4B-00C04F79EFBC}") = "Logger", "Logger\Logger.csproj", "{F20C6E48-D9AC-4CE0-8BC1-8842218725A9}"
EndProject
Project("{00D1A9C2-B5F0-4AF3-8072-F6C62B433612}") = "Logger.Database", "Logger.Database\Logger.Database.sqlproj", "{50F3958D-ED9E-444C-9BA8-75F4BBBD1362}"
EndProject
Project("{FAE04EC0-301F-11D3-BF4B-00C04F79EFBC}") = "Logger.Run", "Logger.Run\Logger.Run.csproj", "{C68C5F40-B0D8-4C7F-974E-6274152D0402}"
EndProject
Project("{FAE04EC0-301F-11D3-BF4B-00C04F79EFBC}") = "Logger.Test", "Logger.Test\Logger.Test.csproj", "{6C88FF6E-FE87-4078-8286-BBB109E7D78C}"
EndProject
Global
	GlobalSection(SolutionConfigurationPlatforms) = preSolution
		Debug|Any CPU = Debug|Any CPU
		Release|Any CPU = Release|Any CPU
	EndGlobalSection
	GlobalSection(ProjectConfigurationPlatforms) = postSolution
		{F20C6E48-D9AC-4CE0-8BC1-8842218725A9}.Debug|Any CPU.ActiveCfg = Debug|Any CPU
		{F20C6E48-D9AC-4CE0-8BC1-8842218725A9}.Debug|Any CPU.Build.0 = Debug|Any CPU
		{F20C6E48-D9AC-4CE0-8BC1-8842218725A9}.Release|Any CPU.ActiveCfg = Release|Any CPU
		{F20C6E48-D9AC-4CE0-8BC1-8842218725A9}.Release|Any CPU.Build.0 = Release|Any CPU
		{50F3958D-ED9E-444C-9BA8-75F4BBBD1362}.Debug|Any CPU.ActiveCfg = Debug|Any CPU
		{50F3958D-ED9E-444C-9BA8-75F4BBBD1362}.Debug|Any CPU.Build.0 = Debug|Any CPU
		{50F3958D-ED9E-444C-9BA8-75F4BBBD1362}.Debug|Any CPU.Deploy.0 = Debug|Any CPU
		{50F3958D-ED9E-444C-9BA8-75F4BBBD1362}.Release|Any CPU.ActiveCfg = Release|Any CPU
		{50F3958D-ED9E-444C-9BA8-75F4BBBD1362}.Release|Any CPU.Build.0 = Release|Any CPU
		{50F3958D-ED9E-444C-9BA8-75F4BBBD1362}.Release|Any CPU.Deploy.0 = Release|Any CPU
		{C68C5F40-B0D8-4C7F-974E-6274152D0402}.Debug|Any CPU.ActiveCfg = Debug|Any CPU
		{C68C5F40-B0D8-4C7F-974E-6274152D0402}.Debug|Any CPU.Build.0 = Debug|Any CPU
		{C68C5F40-B0D8-4C7F-974E-6274152D0402}.Release|Any CPU.ActiveCfg = Release|Any CPU
		{C68C5F40-B0D8-4C7F-974E-6274152D0402}.Release|Any CPU.Build.0 = Release|Any CPU
		{6C88FF6E-FE87-4078-8286-BBB109E7D78C}.Debug|Any CPU.ActiveCfg = Debug|Any CPU
		{6C88FF6E-FE87-4078-8286-BBB109E7D78C}.Debug|Any CPU.Build.0 = Debug|Any CPU
		{6C88FF6E-FE87-4078-8286-BBB109E7D78C}.Release|Any CPU.ActiveCfg = Release|Any CPU
		{6C88FF6E-FE87-4078-8286-BBB109E7D78C}.Release|Any CPU.Build.0 = Release|Any CPU
	EndGlobalSection
	GlobalSection(SolutionProperties) = preSolution
		HideSolutionNode = FALSE
	EndGlobalSection
	GlobalSection(ExtensibilityGlobals) = postSolution
		SolutionGuid = {C50F2D2C-2CAF-4307-ADBE-F634C7433BC1}
	EndGlobalSection
EndGlobal
